
Microsoft Visual Studio Solution File, Format Version 12.00
# Visual Studio 2012
Project("{FAE04EC0-301F-11D3-BF4B-00C04F79EFBC}") = "coverity-submit-net", "coverity-submit-net\coverity-submit-net.csproj", "{6063D1A7-E51B-4009-A4FE-13969E09F569}"
EndProject
Project("{2150E333-8FDC-42A3-9474-1A3956D46DE8}") = "Solution Items", "Solution Items", "{C935F259-0B1D-4C7E-8329-048286A63226}"
	ProjectSection(SolutionItems) = preProject
		LICENSE.md = LICENSE.md
		README.md = README.md
	EndProjectSection
EndProject
Project("{FAE04EC0-301F-11D3-BF4B-00C04F79EFBC}") = "WebClient", "WebClient\WebClient.csproj", "{47C1D318-90F3-44DC-8307-9A4ADC556E2E}"
EndProject
Global
	GlobalSection(SolutionConfigurationPlatforms) = preSolution
		Debug|x86 = Debug|x86
		Release|x86 = Release|x86
	EndGlobalSection
	GlobalSection(ProjectConfigurationPlatforms) = postSolution
		{47C1D318-90F3-44DC-8307-9A4ADC556E2E}.Debug|x86.ActiveCfg = Debug|Any CPU
		{47C1D318-90F3-44DC-8307-9A4ADC556E2E}.Debug|x86.Build.0 = Debug|Any CPU
		{47C1D318-90F3-44DC-8307-9A4ADC556E2E}.Release|x86.ActiveCfg = Release|Any CPU
		{47C1D318-90F3-44DC-8307-9A4ADC556E2E}.Release|x86.Build.0 = Release|Any CPU
		{6063D1A7-E51B-4009-A4FE-13969E09F569}.Debug|x86.ActiveCfg = Debug|x86
		{6063D1A7-E51B-4009-A4FE-13969E09F569}.Debug|x86.Build.0 = Debug|x86
		{6063D1A7-E51B-4009-A4FE-13969E09F569}.Release|x86.ActiveCfg = Release|x86
		{6063D1A7-E51B-4009-A4FE-13969E09F569}.Release|x86.Build.0 = Release|x86
	EndGlobalSection
	GlobalSection(NestedProjects) = preSolution
	EndGlobalSection
EndGlobal
